
Microsoft Visual Studio Solution File, Format Version 12.00
# Visual Studio Version 16
VisualStudioVersion = 16.0.30503.244
MinimumVisualStudioVersion = 10.0.40219.1
Project("{FAE04EC0-301F-11D3-BF4B-00C04F79EFBC}") = "EntityFrameworkLearning", "EntityFrameworkLearning\EntityFrameworkLearning.csproj", "{9D8231A1-A05D-42B8-9BBF-5AA615A5F47F}"
EndProject
Global
	GlobalSection(SolutionConfigurationPlatforms) = preSolution
		Debug|Any CPU = Debug|Any CPU
		Release|Any CPU = Release|Any CPU
	EndGlobalSection
	GlobalSection(ProjectConfigurationPlatforms) = postSolution
		{9D8231A1-A05D-42B8-9BBF-5AA615A5F47F}.Debug|Any CPU.ActiveCfg = Debug|Any CPU
		{9D8231A1-A05D-42B8-9BBF-5AA615A5F47F}.Debug|Any CPU.Build.0 = Debug|Any CPU
		{9D8231A1-A05D-42B8-9BBF-5AA615A5F47F}.Release|Any CPU.ActiveCfg = Release|Any CPU
		{9D8231A1-A05D-42B8-9BBF-5AA615A5F47F}.Release|Any CPU.Build.0 = Release|Any CPU
	EndGlobalSection
	GlobalSection(SolutionProperties) = preSolution
		HideSolutionNode = FALSE
	EndGlobalSection
	GlobalSection(ExtensibilityGlobals) = postSolution
		SolutionGuid = {C47A0D00-71CF-4924-AB38-2559C87895FA}
	EndGlobalSection
EndGlobal
